{
  "requires": true,
  "lockfileVersion": 1,
  "dependencies": {
    "ignore": {
      "version": "3.3.10",
      "resolved": "https://registry.npmjs.org/ignore/-/ignore-3.3.10.tgz",
      "integrity": "sha512-Pgs951kaMm5GXP7MOvxERINe3gsaVjUWFm+UZPSq9xYriQAksyhg0csnS0KXSNRD5NmNdapXEpjxG49+AKh/ug==",
      "dev": true
    },
    "serverless-ignore": {
      "version": "0.1.6",
      "resolved": "https://registry.npmjs.org/serverless-ignore/-/serverless-ignore-0.1.6.tgz",
      "integrity": "sha512-rONeQh6zwAy1H0+pFrWpHvDU5B1R5E1b77JDqGxqqZ/KXK9G01rWUY8P61fHG2rDdDpveEHoa/WdiCwM98m83w==",
      "dev": true,
      "requires": {
        "ignore": "^3.3.8"
      }
    }
  }
}
